
Microsoft Visual Studio Solution File, Format Version 12.00
# Visual Studio Version 17
VisualStudioVersion = 17.11.35208.52
MinimumVisualStudioVersion = 10.0.40219.1
Project("{FAE04EC0-301F-11D3-BF4B-00C04F79EFBC}") = "AnimalFarm", "AnimalFarm\AnimalFarm.csproj", "{D4C0B5E4-98F2-42AB-B26A-A14E7E2D8B4C}"
EndProject
Global
	GlobalSection(SolutionConfigurationPlatforms) = preSolution
		Debug|Any CPU = Debug|Any CPU
		Release|Any CPU = Release|Any CPU
	EndGlobalSection
	GlobalSection(ProjectConfigurationPlatforms) = postSolution
		{D4C0B5E4-98F2-42AB-B26A-A14E7E2D8B4C}.Debug|Any CPU.ActiveCfg = Debug|Any CPU
		{D4C0B5E4-98F2-42AB-B26A-A14E7E2D8B4C}.Debug|Any CPU.Build.0 = Debug|Any CPU
		{D4C0B5E4-98F2-42AB-B26A-A14E7E2D8B4C}.Release|Any CPU.ActiveCfg = Release|Any CPU
		{D4C0B5E4-98F2-42AB-B26A-A14E7E2D8B4C}.Release|Any CPU.Build.0 = Release|Any CPU
	EndGlobalSection
	GlobalSection(SolutionProperties) = preSolution
		HideSolutionNode = FALSE
	EndGlobalSection
	GlobalSection(ExtensibilityGlobals) = postSolution
		SolutionGuid = {8E1D8AD2-29F8-45DE-9C32-FB4E5CA771C2}
	EndGlobalSection
EndGlobal
